// !$*UTF8*$!
{
	archiveVersion = 1;
	classes = {
	};
	objectVersion = 46;
	objects = {

/* Begin PBXBuildFile section */
		040607681E022533000699E7 /* MMMarkdown.framework in Frameworks */ = {isa = PBXBuildFile; fileRef = 0406075F1E022522000699E7 /* MMMarkdown.framework */; };
		0406077F1E037794000699E7 /* about.txt in Resources */ = {isa = PBXBuildFile; fileRef = 0406077E1E037794000699E7 /* about.txt */; };
		042662261DF0054100800478 /* main.m in Sources */ = {isa = PBXBuildFile; fileRef = 042662251DF0054100800478 /* main.m */; };
		042662541DF00E8D00800478 /* MasterViewController.m in Sources */ = {isa = PBXBuildFile; fileRef = 042662511DF00E8D00800478 /* MasterViewController.m */; };
		042662661DF00FCC00800478 /* Assets.xcassets in Resources */ = {isa = PBXBuildFile; fileRef = 042662651DF00FCC00800478 /* Assets.xcassets */; };
		042662761DF0140200800478 /* AppDelegate.m in Sources */ = {isa = PBXBuildFile; fileRef = 042662721DF0140200800478 /* AppDelegate.m */; };
		0426627A1DF0141F00800478 /* LaunchScreen.storyboard in Resources */ = {isa = PBXBuildFile; fileRef = 042662791DF0141F00800478 /* LaunchScreen.storyboard */; };
		0426627D1DF01ACB00800478 /* EditViewController.m in Sources */ = {isa = PBXBuildFile; fileRef = 0426627C1DF01ACB00800478 /* EditViewController.m */; };
		042662801DF01ADE00800478 /* PreviewViewController.m in Sources */ = {isa = PBXBuildFile; fileRef = 0426627F1DF01ADE00800478 /* PreviewViewController.m */; };
		042662861DF0267E00800478 /* MasterTableViewCell.m in Sources */ = {isa = PBXBuildFile; fileRef = 042662851DF0267E00800478 /* MasterTableViewCell.m */; };
		41A1866CF58D78FEFA92D0DD /* libPods-MarkWrite.a in Frameworks */ = {isa = PBXBuildFile; fileRef = ED4B49BFF1A934BBD39D6D1F /* libPods-MarkWrite.a */; };
		F30164BF1DF7E3E4007A9B17 /* SecondaryKeyboardView.m in Sources */ = {isa = PBXBuildFile; fileRef = F30164BE1DF7E3E4007A9B17 /* SecondaryKeyboardView.m */; };
		F30164C11DF7E610007A9B17 /* MarkdownGrammar.plist in Resources */ = {isa = PBXBuildFile; fileRef = F30164C01DF7E610007A9B17 /* MarkdownGrammar.plist */; };
		F301651A1DFA8CAB007A9B17 /* PasswordView.m in Sources */ = {isa = PBXBuildFile; fileRef = F30165191DFA8CAB007A9B17 /* PasswordView.m */; };
		F30165201DFA9144007A9B17 /* OldPasswordViewController.m in Sources */ = {isa = PBXBuildFile; fileRef = F301651F1DFA9144007A9B17 /* OldPasswordViewController.m */; };
		F30165291DFA9FBE007A9B17 /* SetPasswordViewController.m in Sources */ = {isa = PBXBuildFile; fileRef = F30165281DFA9FBE007A9B17 /* SetPasswordViewController.m */; };
		F301658E1E00DC87007A9B17 /* LocalAuthentication.framework in Frameworks */ = {isa = PBXBuildFile; fileRef = F301658D1E00DC87007A9B17 /* LocalAuthentication.framework */; };
		F30165911E011F29007A9B17 /* SortView.m in Sources */ = {isa = PBXBuildFile; fileRef = F30165901E011F29007A9B17 /* SortView.m */; };
		F30165971E01201A007A9B17 /* addNewView.m in Sources */ = {isa = PBXBuildFile; fileRef = F30165961E01201A007A9B17 /* addNewView.m */; };
		F36A1A891DF0331E00AFBD3A /* UIColor+hex.m in Sources */ = {isa = PBXBuildFile; fileRef = F36A1A881DF0331E00AFBD3A /* UIColor+hex.m */; };
		F36A1AC31DF150A400AFBD3A /* Info.plist in Resources */ = {isa = PBXBuildFile; fileRef = F36A1AC21DF150A400AFBD3A /* Info.plist */; };
		F382BB921DF255D50057D5DA /* AboutUsViewController.m in Sources */ = {isa = PBXBuildFile; fileRef = F382BB8D1DF255D50057D5DA /* AboutUsViewController.m */; };
		F382BB931DF255D50057D5DA /* SettingTableViewCell.m in Sources */ = {isa = PBXBuildFile; fileRef = F382BB8F1DF255D50057D5DA /* SettingTableViewCell.m */; };
		F382BB971DF256080057D5DA /* LabelSizeToFit.m in Sources */ = {isa = PBXBuildFile; fileRef = F382BB961DF256080057D5DA /* LabelSizeToFit.m */; };
		F382BB9A1DF256780057D5DA /* QWPTools.m in Sources */ = {isa = PBXBuildFile; fileRef = F382BB991DF256780057D5DA /* QWPTools.m */; };
		F3A139871E0233D40044AAF3 /* SettingViewController.m in Sources */ = {isa = PBXBuildFile; fileRef = F3A139861E0233D40044AAF3 /* SettingViewController.m */; };
		F3A139881E0272110044AAF3 /* MMMarkdown.framework in Frameworks */ = {isa = PBXBuildFile; fileRef = 0406075F1E022522000699E7 /* MMMarkdown.framework */; };
		F3A139891E0272110044AAF3 /* MMMarkdown.framework in Embed Frameworks */ = {isa = PBXBuildFile; fileRef = 0406075F1E022522000699E7 /* MMMarkdown.framework */; settings = {ATTRIBUTES = (CodeSignOnCopy, RemoveHeadersOnCopy, ); }; };
		F3A139B81E03C08F0044AAF3 /* LogCategory.m in Sources */ = {isa = PBXBuildFile; fileRef = F3A139B71E03C08F0044AAF3 /* LogCategory.m */; };
/* End PBXBuildFile section */

/* Begin PBXContainerItemProxy section */
		0406075E1E022522000699E7 /* PBXContainerItemProxy */ = {
			isa = PBXContainerItemProxy;
			containerPortal = 040607561E022522000699E7 /* MMMarkdown.xcodeproj */;
			proxyType = 2;
			remoteGlobalIDString = BED7620F1B37810000687B36;
			remoteInfo = "MMMarkdown (iOS)";
		};
		040607601E022522000699E7 /* PBXContainerItemProxy */ = {
			isa = PBXContainerItemProxy;
			containerPortal = 040607561E022522000699E7 /* MMMarkdown.xcodeproj */;
			proxyType = 2;
			remoteGlobalIDString = BED761571B374D6700687B36;
			remoteInfo = "MMMarkdown (OS X)";
		};
		040607621E022522000699E7 /* PBXContainerItemProxy */ = {
			isa = PBXContainerItemProxy;
			containerPortal = 040607561E022522000699E7 /* MMMarkdown.xcodeproj */;
			proxyType = 2;
			remoteGlobalIDString = BE23E8F41C0CF3EF0087F587;
			remoteInfo = "MMMarkdown (tvOS)";
		};
		040607641E022522000699E7 /* PBXContainerItemProxy */ = {
			isa = PBXContainerItemProxy;
			containerPortal = 040607561E022522000699E7 /* MMMarkdown.xcodeproj */;
			proxyType = 2;
			remoteGlobalIDString = BE23E9131C0CF77D0087F587;
			remoteInfo = "MMMarkdown (watchOS)";
		};
		040607661E022522000699E7 /* PBXContainerItemProxy */ = {
			isa = PBXContainerItemProxy;
			containerPortal = 040607561E022522000699E7 /* MMMarkdown.xcodeproj */;
			proxyType = 2;
			remoteGlobalIDString = BED761611B374D6700687B36;
			remoteInfo = MMMarkdownTests;
		};
		F3A1398A1E0272110044AAF3 /* PBXContainerItemProxy */ = {
			isa = PBXContainerItemProxy;
			containerPortal = 040607561E022522000699E7 /* MMMarkdown.xcodeproj */;
			proxyType = 1;
			remoteGlobalIDString = BED7620E1B37810000687B36;
			remoteInfo = "MMMarkdown (iOS)";
		};
/* End PBXContainerItemProxy section */

/* Begin PBXCopyFilesBuildPhase section */
		F3A1398C1E0272110044AAF3 /* Embed Frameworks */ = {
			isa = PBXCopyFilesBuildPhase;
			buildActionMask = 2147483647;
			dstPath = "";
			dstSubfolderSpec = 10;
			files = (
				F3A139891E0272110044AAF3 /* MMMarkdown.framework in Embed Frameworks */,
			);
			name = "Embed Frameworks";
			runOnlyForDeploymentPostprocessing = 0;
		};
/* End PBXCopyFilesBuildPhase section */

/* Begin PBXFileReference section */
		040607561E022522000699E7 /* MMMarkdown.xcodeproj */ = {isa = PBXFileReference; lastKnownFileType = "wrapper.pb-project"; name = MMMarkdown.xcodeproj; path = "MMMarkdown-master/MMMarkdown.xcodeproj"; sourceTree = "<group>"; };
		0406077E1E037794000699E7 /* about.txt */ = {isa = PBXFileReference; fileEncoding = 4; lastKnownFileType = text; path = about.txt; sourceTree = "<group>"; };
		042662211DF0054100800478 /* MarkWrite.app */ = {isa = PBXFileReference; explicitFileType = wrapper.application; includeInIndex = 0; path = MarkWrite.app; sourceTree = BUILT_PRODUCTS_DIR; };
		042662251DF0054100800478 /* main.m */ = {isa = PBXFileReference; lastKnownFileType = sourcecode.c.objc; path = main.m; sourceTree = "<group>"; };
		0426624B1DF00DF800800478 /* Adaption.h */ = {isa = PBXFileReference; fileEncoding = 4; lastKnownFileType = sourcecode.c.h; path = Adaption.h; sourceTree = "<group>"; };
		0426624C1DF00DF800800478 /* PrefixHeader.pch */ = {isa = PBXFileReference; fileEncoding = 4; lastKnownFileType = sourcecode.c.h; path = PrefixHeader.pch; sourceTree = "<group>"; };
		042662501DF00E8D00800478 /* MasterViewController.h */ = {isa = PBXFileReference; fileEncoding = 4; lastKnownFileType = sourcecode.c.h; path = MasterViewController.h; sourceTree = "<group>"; };
		042662511DF00E8D00800478 /* MasterViewController.m */ = {isa = PBXFileReference; fileEncoding = 4; lastKnownFileType = sourcecode.c.objc; path = MasterViewController.m; sourceTree = "<group>"; };
		042662651DF00FCC00800478 /* Assets.xcassets */ = {isa = PBXFileReference; lastKnownFileType = folder.assetcatalog; path = Assets.xcassets; sourceTree = "<group>"; };
		042662711DF0140200800478 /* AppDelegate.h */ = {isa = PBXFileReference; fileEncoding = 4; lastKnownFileType = sourcecode.c.h; path = AppDelegate.h; sourceTree = "<group>"; };
		042662721DF0140200800478 /* AppDelegate.m */ = {isa = PBXFileReference; fileEncoding = 4; lastKnownFileType = sourcecode.c.objc; path = AppDelegate.m; sourceTree = "<group>"; };
		042662791DF0141F00800478 /* LaunchScreen.storyboard */ = {isa = PBXFileReference; fileEncoding = 4; lastKnownFileType = file.storyboard; path = LaunchScreen.storyboard; sourceTree = "<group>"; };
		0426627B1DF01ACB00800478 /* EditViewController.h */ = {isa = PBXFileReference; fileEncoding = 4; lastKnownFileType = sourcecode.c.h; path = EditViewController.h; sourceTree = "<group>"; };
		0426627C1DF01ACB00800478 /* EditViewController.m */ = {isa = PBXFileReference; fileEncoding = 4; lastKnownFileType = sourcecode.c.objc; path = EditViewController.m; sourceTree = "<group>"; };
		0426627E1DF01ADE00800478 /* PreviewViewController.h */ = {isa = PBXFileReference; fileEncoding = 4; lastKnownFileType = sourcecode.c.h; path = PreviewViewController.h; sourceTree = "<group>"; };
		0426627F1DF01ADE00800478 /* PreviewViewController.m */ = {isa = PBXFileReference; fileEncoding = 4; lastKnownFileType = sourcecode.c.objc; path = PreviewViewController.m; sourceTree = "<group>"; };
		042662841DF0267E00800478 /* MasterTableViewCell.h */ = {isa = PBXFileReference; fileEncoding = 4; lastKnownFileType = sourcecode.c.h; path = MasterTableViewCell.h; sourceTree = "<group>"; };
		042662851DF0267E00800478 /* MasterTableViewCell.m */ = {isa = PBXFileReference; fileEncoding = 4; lastKnownFileType = sourcecode.c.objc; path = MasterTableViewCell.m; sourceTree = "<group>"; };
		ED4B49BFF1A934BBD39D6D1F /* libPods-MarkWrite.a */ = {isa = PBXFileReference; explicitFileType = archive.ar; includeInIndex = 0; path = "libPods-MarkWrite.a"; sourceTree = BUILT_PRODUCTS_DIR; };
		F30164BD1DF7E3E4007A9B17 /* SecondaryKeyboardView.h */ = {isa = PBXFileReference; fileEncoding = 4; lastKnownFileType = sourcecode.c.h; path = SecondaryKeyboardView.h; sourceTree = "<group>"; };
		F30164BE1DF7E3E4007A9B17 /* SecondaryKeyboardView.m */ = {isa = PBXFileReference; fileEncoding = 4; lastKnownFileType = sourcecode.c.objc; path = SecondaryKeyboardView.m; sourceTree = "<group>"; };
		F30164C01DF7E610007A9B17 /* MarkdownGrammar.plist */ = {isa = PBXFileReference; fileEncoding = 4; lastKnownFileType = text.plist.xml; path = MarkdownGrammar.plist; sourceTree = "<group>"; };
		F30165181DFA8CAB007A9B17 /* PasswordView.h */ = {isa = PBXFileReference; fileEncoding = 4; lastKnownFileType = sourcecode.c.h; path = PasswordView.h; sourceTree = "<group>"; };
		F30165191DFA8CAB007A9B17 /* PasswordView.m */ = {isa = PBXFileReference; fileEncoding = 4; lastKnownFileType = sourcecode.c.objc; path = PasswordView.m; sourceTree = "<group>"; };
		F301651E1DFA9144007A9B17 /* OldPasswordViewController.h */ = {isa = PBXFileReference; fileEncoding = 4; lastKnownFileType = sourcecode.c.h; path = OldPasswordViewController.h; sourceTree = "<group>"; };
		F301651F1DFA9144007A9B17 /* OldPasswordViewController.m */ = {isa = PBXFileReference; fileEncoding = 4; lastKnownFileType = sourcecode.c.objc; path = OldPasswordViewController.m; sourceTree = "<group>"; };
		F30165271DFA9FBE007A9B17 /* SetPasswordViewController.h */ = {isa = PBXFileReference; fileEncoding = 4; lastKnownFileType = sourcecode.c.h; path = SetPasswordViewController.h; sourceTree = "<group>"; };
		F30165281DFA9FBE007A9B17 /* SetPasswordViewController.m */ = {isa = PBXFileReference; fileEncoding = 4; lastKnownFileType = sourcecode.c.objc; path = SetPasswordViewController.m; sourceTree = "<group>"; };
		F301658D1E00DC87007A9B17 /* LocalAuthentication.framework */ = {isa = PBXFileReference; lastKnownFileType = wrapper.framework; name = LocalAuthentication.framework; path = System/Library/Frameworks/LocalAuthentication.framework; sourceTree = SDKROOT; };
		F301658F1E011F29007A9B17 /* SortView.h */ = {isa = PBXFileReference; fileEncoding = 4; lastKnownFileType = sourcecode.c.h; path = SortView.h; sourceTree = "<group>"; };
		F30165901E011F29007A9B17 /* SortView.m */ = {isa = PBXFileReference; fileEncoding = 4; lastKnownFileType = sourcecode.c.objc; path = SortView.m; sourceTree = "<group>"; };
		F30165951E01201A007A9B17 /* addNewView.h */ = {isa = PBXFileReference; fileEncoding = 4; lastKnownFileType = sourcecode.c.h; path = addNewView.h; sourceTree = "<group>"; };
		F30165961E01201A007A9B17 /* addNewView.m */ = {isa = PBXFileReference; fileEncoding = 4; lastKnownFileType = sourcecode.c.objc; path = addNewView.m; sourceTree = "<group>"; };
		F36A1A871DF0331E00AFBD3A /* UIColor+hex.h */ = {isa = PBXFileReference; fileEncoding = 4; lastKnownFileType = sourcecode.c.h; path = "UIColor+hex.h"; sourceTree = "<group>"; };
		F36A1A881DF0331E00AFBD3A /* UIColor+hex.m */ = {isa = PBXFileReference; fileEncoding = 4; lastKnownFileType = sourcecode.c.objc; path = "UIColor+hex.m"; sourceTree = "<group>"; };
		F36A1A8A1DF0333400AFBD3A /* CustomConfig.h */ = {isa = PBXFileReference; lastKnownFileType = sourcecode.c.h; path = CustomConfig.h; sourceTree = "<group>"; };
		F36A1AC21DF150A400AFBD3A /* Info.plist */ = {isa = PBXFileReference; fileEncoding = 4; lastKnownFileType = text.plist.xml; path = Info.plist; sourceTree = "<group>"; };
		F382BB8C1DF255D50057D5DA /* AboutUsViewController.h */ = {isa = PBXFileReference; fileEncoding = 4; lastKnownFileType = sourcecode.c.h; path = AboutUsViewController.h; sourceTree = "<group>"; };
		F382BB8D1DF255D50057D5DA /* AboutUsViewController.m */ = {isa = PBXFileReference; fileEncoding = 4; lastKnownFileType = sourcecode.c.objc; path = AboutUsViewController.m; sourceTree = "<group>"; };
		F382BB8E1DF255D50057D5DA /* SettingTableViewCell.h */ = {isa = PBXFileReference; fileEncoding = 4; lastKnownFileType = sourcecode.c.h; path = SettingTableViewCell.h; sourceTree = "<group>"; };
		F382BB8F1DF255D50057D5DA /* SettingTableViewCell.m */ = {isa = PBXFileReference; fileEncoding = 4; lastKnownFileType = sourcecode.c.objc; path = SettingTableViewCell.m; sourceTree = "<group>"; };
		F382BB901DF255D50057D5DA /* SettingViewController.h */ = {isa = PBXFileReference; fileEncoding = 4; lastKnownFileType = sourcecode.c.h; path = SettingViewController.h; sourceTree = "<group>"; };
		F382BB951DF256080057D5DA /* LabelSizeToFit.h */ = {isa = PBXFileReference; fileEncoding = 4; lastKnownFileType = sourcecode.c.h; path = LabelSizeToFit.h; sourceTree = "<group>"; };
		F382BB961DF256080057D5DA /* LabelSizeToFit.m */ = {isa = PBXFileReference; fileEncoding = 4; lastKnownFileType = sourcecode.c.objc; path = LabelSizeToFit.m; sourceTree = "<group>"; };
		F382BB981DF256780057D5DA /* QWPTools.h */ = {isa = PBXFileReference; fileEncoding = 4; lastKnownFileType = sourcecode.c.h; path = QWPTools.h; sourceTree = "<group>"; };
		F382BB991DF256780057D5DA /* QWPTools.m */ = {isa = PBXFileReference; fileEncoding = 4; lastKnownFileType = sourcecode.c.objc; path = QWPTools.m; sourceTree = "<group>"; };
		F3A139861E0233D40044AAF3 /* SettingViewController.m */ = {isa = PBXFileReference; fileEncoding = 4; lastKnownFileType = sourcecode.c.objc; path = SettingViewController.m; sourceTree = "<group>"; };
		F3A139B61E03C08F0044AAF3 /* LogCategory.h */ = {isa = PBXFileReference; fileEncoding = 4; lastKnownFileType = sourcecode.c.h; path = LogCategory.h; sourceTree = "<group>"; };
		F3A139B71E03C08F0044AAF3 /* LogCategory.m */ = {isa = PBXFileReference; fileEncoding = 4; lastKnownFileType = sourcecode.c.objc; path = LogCategory.m; sourceTree = "<group>"; };
		F99BFD1283100245501428FA /* Pods-MarkWrite.release.xcconfig */ = {isa = PBXFileReference; includeInIndex = 1; lastKnownFileType = text.xcconfig; name = "Pods-MarkWrite.release.xcconfig"; path = "Pods/Target Support Files/Pods-MarkWrite/Pods-MarkWrite.release.xcconfig"; sourceTree = "<group>"; };
		FBC0CD037793B547C25A181C /* Pods-MarkWrite.debug.xcconfig */ = {isa = PBXFileReference; includeInIndex = 1; lastKnownFileType = text.xcconfig; name = "Pods-MarkWrite.debug.xcconfig"; path = "Pods/Target Support Files/Pods-MarkWrite/Pods-MarkWrite.debug.xcconfig"; sourceTree = "<group>"; };
/* End PBXFileReference section */

/* Begin PBXFrameworksBuildPhase section */
		0426621E1DF0054100800478 /* Frameworks */ = {
			isa = PBXFrameworksBuildPhase;
			buildActionMask = 2147483647;
			files = (
				040607681E022533000699E7 /* MMMarkdown.framework in Frameworks */,
				F3A139881E0272110044AAF3 /* MMMarkdown.framework in Frameworks */,
				F301658E1E00DC87007A9B17 /* LocalAuthentication.framework in Frameworks */,
				41A1866CF58D78FEFA92D0DD /* libPods-MarkWrite.a in Frameworks */,
			);
			runOnlyForDeploymentPostprocessing = 0;
		};
/* End PBXFrameworksBuildPhase section */

/* Begin PBXGroup section */
		040607571E022522000699E7 /* Products */ = {
			isa = PBXGroup;
			children = (
				0406075F1E022522000699E7 /* MMMarkdown.framework */,
				040607611E022522000699E7 /* MMMarkdown.framework */,
				040607631E022522000699E7 /* MMMarkdown.framework */,
				040607651E022522000699E7 /* MMMarkdown.framework */,
				040607671E022522000699E7 /* MMMarkdownTests.xctest */,
			);
			name = Products;
			sourceTree = "<group>";
		};
		0409582B1DF803B100ED03DA /* ChangePassword */ = {
			isa = PBXGroup;
			children = (
				F301651E1DFA9144007A9B17 /* OldPasswordViewController.h */,
				F301651F1DFA9144007A9B17 /* OldPasswordViewController.m */,
			);
			path = ChangePassword;
			sourceTree = "<group>";
		};
		042662181DF0054100800478 = {
			isa = PBXGroup;
			children = (
				040607561E022522000699E7 /* MMMarkdown.xcodeproj */,
				042662231DF0054100800478 /* MarkWrite */,
				042662221DF0054100800478 /* Products */,
				F301658C1E00DC87007A9B17 /* Frameworks */,
				6D2F76783EA370D54F3E6B86 /* Pods */,
			);
			sourceTree = "<group>";
		};
		042662221DF0054100800478 /* Products */ = {
			isa = PBXGroup;
			children = (
				042662211DF0054100800478 /* MarkWrite.app */,
			);
			name = Products;
			sourceTree = "<group>";
		};
		042662231DF0054100800478 /* MarkWrite */ = {
			isa = PBXGroup;
			children = (
				0426624D1DF00E8D00800478 /* ShellFrame */,
				0426624A1DF00DF800800478 /* CustomFiles */,
				042662641DF00FCC00800478 /* Resource */,
				042662571DF00FAD00800478 /* SystemFiles */,
				042662241DF0054100800478 /* Supporting Files */,
			);
			path = MarkWrite;
			sourceTree = "<group>";
		};
		042662241DF0054100800478 /* Supporting Files */ = {
			isa = PBXGroup;
			children = (
				042662251DF0054100800478 /* main.m */,
			);
			name = "Supporting Files";
			sourceTree = "<group>";
		};
		0426624A1DF00DF800800478 /* CustomFiles */ = {
			isa = PBXGroup;
			children = (
				0426624C1DF00DF800800478 /* PrefixHeader.pch */,
				0426624B1DF00DF800800478 /* Adaption.h */,
				F36A1A8A1DF0333400AFBD3A /* CustomConfig.h */,
				F3A139B61E03C08F0044AAF3 /* LogCategory.h */,
				F3A139B71E03C08F0044AAF3 /* LogCategory.m */,
				F36A1A871DF0331E00AFBD3A /* UIColor+hex.h */,
				F36A1A881DF0331E00AFBD3A /* UIColor+hex.m */,
				F382BB951DF256080057D5DA /* LabelSizeToFit.h */,
				F382BB961DF256080057D5DA /* LabelSizeToFit.m */,
				F382BB981DF256780057D5DA /* QWPTools.h */,
				F382BB991DF256780057D5DA /* QWPTools.m */,
			);
			path = CustomFiles;
			sourceTree = "<group>";
		};
		0426624D1DF00E8D00800478 /* ShellFrame */ = {
			isa = PBXGroup;
			children = (
				F30165161DFA8CAB007A9B17 /* Password */,
				0426624F1DF00E8D00800478 /* MasterControl */,
				0426624E1DF00E8D00800478 /* EditControl */,
				042662521DF00E8D00800478 /* PreviewControl */,
				F382BB8A1DF255D50057D5DA /* SettingControl */,
			);
			path = ShellFrame;
			sourceTree = "<group>";
		};
		0426624E1DF00E8D00800478 /* EditControl */ = {
			isa = PBXGroup;
			children = (
				0426627B1DF01ACB00800478 /* EditViewController.h */,
				0426627C1DF01ACB00800478 /* EditViewController.m */,
				F30164BD1DF7E3E4007A9B17 /* SecondaryKeyboardView.h */,
				F30164BE1DF7E3E4007A9B17 /* SecondaryKeyboardView.m */,
			);
			path = EditControl;
			sourceTree = "<group>";
		};
		0426624F1DF00E8D00800478 /* MasterControl */ = {
			isa = PBXGroup;
			children = (
				042662501DF00E8D00800478 /* MasterViewController.h */,
				042662511DF00E8D00800478 /* MasterViewController.m */,
				F301658F1E011F29007A9B17 /* SortView.h */,
				F30165901E011F29007A9B17 /* SortView.m */,
				F30165951E01201A007A9B17 /* addNewView.h */,
				F30165961E01201A007A9B17 /* addNewView.m */,
				042662841DF0267E00800478 /* MasterTableViewCell.h */,
				042662851DF0267E00800478 /* MasterTableViewCell.m */,
			);
			path = MasterControl;
			sourceTree = "<group>";
		};
		042662521DF00E8D00800478 /* PreviewControl */ = {
			isa = PBXGroup;
			children = (
				0426627E1DF01ADE00800478 /* PreviewViewController.h */,
				0426627F1DF01ADE00800478 /* PreviewViewController.m */,
			);
			path = PreviewControl;
			sourceTree = "<group>";
		};
		042662571DF00FAD00800478 /* SystemFiles */ = {
			isa = PBXGroup;
			children = (
				042662711DF0140200800478 /* AppDelegate.h */,
				042662721DF0140200800478 /* AppDelegate.m */,
				F36A1AC21DF150A400AFBD3A /* Info.plist */,
				042662791DF0141F00800478 /* LaunchScreen.storyboard */,
			);
			path = SystemFiles;
			sourceTree = "<group>";
		};
		042662641DF00FCC00800478 /* Resource */ = {
			isa = PBXGroup;
			children = (
				0406077E1E037794000699E7 /* about.txt */,
				042662651DF00FCC00800478 /* Assets.xcassets */,
				F30164C01DF7E610007A9B17 /* MarkdownGrammar.plist */,
			);
			path = Resource;
			sourceTree = "<group>";
		};
		6D2F76783EA370D54F3E6B86 /* Pods */ = {
			isa = PBXGroup;
			children = (
				FBC0CD037793B547C25A181C /* Pods-MarkWrite.debug.xcconfig */,
				F99BFD1283100245501428FA /* Pods-MarkWrite.release.xcconfig */,
			);
			name = Pods;
			sourceTree = "<group>";
		};
		F30165161DFA8CAB007A9B17 /* Password */ = {
			isa = PBXGroup;
			children = (
				F30165171DFA8CAB007A9B17 /* PasswordView */,
				F30165271DFA9FBE007A9B17 /* SetPasswordViewController.h */,
				F30165281DFA9FBE007A9B17 /* SetPasswordViewController.m */,
			);
			path = Password;
			sourceTree = "<group>";
		};
		F30165171DFA8CAB007A9B17 /* PasswordView */ = {
			isa = PBXGroup;
			children = (
				F30165181DFA8CAB007A9B17 /* PasswordView.h */,
				F30165191DFA8CAB007A9B17 /* PasswordView.m */,
			);
			path = PasswordView;
			sourceTree = "<group>";
		};
		F301658C1E00DC87007A9B17 /* Frameworks */ = {
			isa = PBXGroup;
			children = (
				F301658D1E00DC87007A9B17 /* LocalAuthentication.framework */,
				ED4B49BFF1A934BBD39D6D1F /* libPods-MarkWrite.a */,
			);
			name = Frameworks;
			sourceTree = "<group>";
		};
		F382BB8A1DF255D50057D5DA /* SettingControl */ = {
			isa = PBXGroup;
			children = (
				0409582B1DF803B100ED03DA /* ChangePassword */,
				F382BB8B1DF255D50057D5DA /* AboutMarkWrite */,
				F382BB8E1DF255D50057D5DA /* SettingTableViewCell.h */,
				F382BB8F1DF255D50057D5DA /* SettingTableViewCell.m */,
				F382BB901DF255D50057D5DA /* SettingViewController.h */,
				F3A139861E0233D40044AAF3 /* SettingViewController.m */,
			);
			path = SettingControl;
			sourceTree = "<group>";
		};
		F382BB8B1DF255D50057D5DA /* AboutMarkWrite */ = {
			isa = PBXGroup;
			children = (
				F382BB8C1DF255D50057D5DA /* AboutUsViewController.h */,
				F382BB8D1DF255D50057D5DA /* AboutUsViewController.m */,
			);
			path = AboutMarkWrite;
			sourceTree = "<group>";
		};
/* End PBXGroup section */

/* Begin PBXNativeTarget section */
		042662201DF0054100800478 /* MarkWrite */ = {
			isa = PBXNativeTarget;
			buildConfigurationList = 042662381DF0054100800478 /* Build configuration list for PBXNativeTarget "MarkWrite" */;
			buildPhases = (
				985F122C9693384876D29D35 /* [CP] Check Pods Manifest.lock */,
				0426621D1DF0054100800478 /* Sources */,
				0426621E1DF0054100800478 /* Frameworks */,
				0426621F1DF0054100800478 /* Resources */,
				F3A1398C1E0272110044AAF3 /* Embed Frameworks */,
				55CB6E42B3E2D61D8334924B /* [CP] Embed Pods Frameworks */,
				AB6316FEE9757CC5A862BF61 /* [CP] Copy Pods Resources */,
			);
			buildRules = (
			);
			dependencies = (
				F3A1398B1E0272110044AAF3 /* PBXTargetDependency */,
			);
			name = MarkWrite;
			productName = MarkWrite;
			productReference = 042662211DF0054100800478 /* MarkWrite.app */;
			productType = "com.apple.product-type.application";
		};
/* End PBXNativeTarget section */

/* Begin PBXProject section */
		042662191DF0054100800478 /* Project object */ = {
			isa = PBXProject;
			attributes = {
				LastUpgradeCheck = 0810;
				ORGANIZATIONNAME = "彭启伟";
				TargetAttributes = {
					042662201DF0054100800478 = {
						CreatedOnToolsVersion = 8.1;
						DevelopmentTeam = YQ5T553TDX;
						ProvisioningStyle = Automatic;
					};
				};
			};
			buildConfigurationList = 0426621C1DF0054100800478 /* Build configuration list for PBXProject "MarkWrite" */;
			compatibilityVersion = "Xcode 3.2";
			developmentRegion = English;
			hasScannedForEncodings = 0;
			knownRegions = (
				en,
				Base,
			);
			mainGroup = 042662181DF0054100800478;
			productRefGroup = 042662221DF0054100800478 /* Products */;
			projectDirPath = "";
			projectReferences = (
				{
					ProductGroup = 040607571E022522000699E7 /* Products */;
					ProjectRef = 040607561E022522000699E7 /* MMMarkdown.xcodeproj */;
				},
			);
			projectRoot = "";
			targets = (
				042662201DF0054100800478 /* MarkWrite */,
			);
		};
/* End PBXProject section */

/* Begin PBXReferenceProxy section */
		0406075F1E022522000699E7 /* MMMarkdown.framework */ = {
			isa = PBXReferenceProxy;
			fileType = wrapper.framework;
			path = MMMarkdown.framework;
			remoteRef = 0406075E1E022522000699E7 /* PBXContainerItemProxy */;
			sourceTree = BUILT_PRODUCTS_DIR;
		};
		040607611E022522000699E7 /* MMMarkdown.framework */ = {
			isa = PBXReferenceProxy;
			fileType = wrapper.framework;
			path = MMMarkdown.framework;
			remoteRef = 040607601E022522000699E7 /* PBXContainerItemProxy */;
			sourceTree = BUILT_PRODUCTS_DIR;
		};
		040607631E022522000699E7 /* MMMarkdown.framework */ = {
			isa = PBXReferenceProxy;
			fileType = wrapper.framework;
			path = MMMarkdown.framework;
			remoteRef = 040607621E022522000699E7 /* PBXContainerItemProxy */;
			sourceTree = BUILT_PRODUCTS_DIR;
		};
		040607651E022522000699E7 /* MMMarkdown.framework */ = {
			isa = PBXReferenceProxy;
			fileType = wrapper.framework;
			path = MMMarkdown.framework;
			remoteRef = 040607641E022522000699E7 /* PBXContainerItemProxy */;
			sourceTree = BUILT_PRODUCTS_DIR;
		};
		040607671E022522000699E7 /* MMMarkdownTests.xctest */ = {
			isa = PBXReferenceProxy;
			fileType = wrapper.cfbundle;
			path = MMMarkdownTests.xctest;
			remoteRef = 040607661E022522000699E7 /* PBXContainerItemProxy */;
			sourceTree = BUILT_PRODUCTS_DIR;
		};
/* End PBXReferenceProxy section */

/* Begin PBXResourcesBuildPhase section */
		0426621F1DF0054100800478 /* Resources */ = {
			isa = PBXResourcesBuildPhase;
			buildActionMask = 2147483647;
			files = (
				0426627A1DF0141F00800478 /* LaunchScreen.storyboard in Resources */,
				042662661DF00FCC00800478 /* Assets.xcassets in Resources */,
				0406077F1E037794000699E7 /* about.txt in Resources */,
				F30164C11DF7E610007A9B17 /* MarkdownGrammar.plist in Resources */,
				F36A1AC31DF150A400AFBD3A /* Info.plist in Resources */,
			);
			runOnlyForDeploymentPostprocessing = 0;
		};
/* End PBXResourcesBuildPhase section */

/* Begin PBXShellScriptBuildPhase section */
		55CB6E42B3E2D61D8334924B /* [CP] Embed Pods Frameworks */ = {
			isa = PBXShellScriptBuildPhase;
			buildActionMask = 2147483647;
			files = (
			);
			inputPaths = (
			);
			name = "[CP] Embed Pods Frameworks";
			outputPaths = (
			);
			runOnlyForDeploymentPostprocessing = 0;
			shellPath = /bin/sh;
			shellScript = "\"${SRCROOT}/Pods/Target Support Files/Pods-MarkWrite/Pods-MarkWrite-frameworks.sh\"\n";
			showEnvVarsInLog = 0;
		};
		985F122C9693384876D29D35 /* [CP] Check Pods Manifest.lock */ = {
			isa = PBXShellScriptBuildPhase;
			buildActionMask = 2147483647;
			files = (
			);
			inputPaths = (
			);
			name = "[CP] Check Pods Manifest.lock";
			outputPaths = (
			);
			runOnlyForDeploymentPostprocessing = 0;
			shellPath = /bin/sh;
			shellScript = "diff \"${PODS_ROOT}/../Podfile.lock\" \"${PODS_ROOT}/Manifest.lock\" > /dev/null\nif [[ $? != 0 ]] ; then\n    cat << EOM\nerror: The sandbox is not in sync with the Podfile.lock. Run 'pod install' or update your CocoaPods installation.\nEOM\n    exit 1\nfi\n";
			showEnvVarsInLog = 0;
		};
		AB6316FEE9757CC5A862BF61 /* [CP] Copy Pods Resources */ = {
			isa = PBXShellScriptBuildPhase;
			buildActionMask = 2147483647;
			files = (
			);
			inputPaths = (
			);
			name = "[CP] Copy Pods Resources";
			outputPaths = (
			);
			runOnlyForDeploymentPostprocessing = 0;
			shellPath = /bin/sh;
			shellScript = "\"${SRCROOT}/Pods/Target Support Files/Pods-MarkWrite/Pods-MarkWrite-resources.sh\"\n";
			showEnvVarsInLog = 0;
		};
/* End PBXShellScriptBuildPhase section */

/* Begin PBXSourcesBuildPhase section */
		0426621D1DF0054100800478 /* Sources */ = {
			isa = PBXSourcesBuildPhase;
			buildActionMask = 2147483647;
			files = (
				0426627D1DF01ACB00800478 /* EditViewController.m in Sources */,
				F3A139B81E03C08F0044AAF3 /* LogCategory.m in Sources */,
				042662541DF00E8D00800478 /* MasterViewController.m in Sources */,
				F30165291DFA9FBE007A9B17 /* SetPasswordViewController.m in Sources */,
				F382BB9A1DF256780057D5DA /* QWPTools.m in Sources */,
				F30164BF1DF7E3E4007A9B17 /* SecondaryKeyboardView.m in Sources */,
				F3A139871E0233D40044AAF3 /* SettingViewController.m in Sources */,
				042662801DF01ADE00800478 /* PreviewViewController.m in Sources */,
				042662261DF0054100800478 /* main.m in Sources */,
				F30165201DFA9144007A9B17 /* OldPasswordViewController.m in Sources */,
				F301651A1DFA8CAB007A9B17 /* PasswordView.m in Sources */,
				F382BB971DF256080057D5DA /* LabelSizeToFit.m in Sources */,
				F382BB921DF255D50057D5DA /* AboutUsViewController.m in Sources */,
				042662861DF0267E00800478 /* MasterTableViewCell.m in Sources */,
				F30165971E01201A007A9B17 /* addNewView.m in Sources */,
				F36A1A891DF0331E00AFBD3A /* UIColor+hex.m in Sources */,
				042662761DF0140200800478 /* AppDelegate.m in Sources */,
				F382BB931DF255D50057D5DA /* SettingTableViewCell.m in Sources */,
				F30165911E011F29007A9B17 /* SortView.m in Sources */,
			);
			runOnlyForDeploymentPostprocessing = 0;
		};
/* End PBXSourcesBuildPhase section */

/* Begin PBXTargetDependency section */
		F3A1398B1E0272110044AAF3 /* PBXTargetDependency */ = {
			isa = PBXTargetDependency;
			name = "MMMarkdown (iOS)";
			targetProxy = F3A1398A1E0272110044AAF3 /* PBXContainerItemProxy */;
		};
/* End PBXTargetDependency section */

/* Begin XCBuildConfiguration section */
		042662361DF0054100800478 /* Debug */ = {
			isa = XCBuildConfiguration;
			buildSettings = {
				ALWAYS_SEARCH_USER_PATHS = NO;
				CLANG_ANALYZER_NONNULL = YES;
				CLANG_CXX_LANGUAGE_STANDARD = "gnu++0x";
				CLANG_CXX_LIBRARY = "libc++";
				CLANG_ENABLE_MODULES = YES;
				CLANG_ENABLE_OBJC_ARC = YES;
				CLANG_WARN_BOOL_CONVERSION = YES;
				CLANG_WARN_CONSTANT_CONVERSION = YES;
				CLANG_WARN_DIRECT_OBJC_ISA_USAGE = YES_ERROR;
				CLANG_WARN_DOCUMENTATION_COMMENTS = YES;
				CLANG_WARN_EMPTY_BODY = YES;
				CLANG_WARN_ENUM_CONVERSION = YES;
				CLANG_WARN_INFINITE_RECURSION = YES;
				CLANG_WARN_INT_CONVERSION = YES;
				CLANG_WARN_OBJC_ROOT_CLASS = YES_ERROR;
				CLANG_WARN_SUSPICIOUS_MOVES = YES;
				CLANG_WARN_UNREACHABLE_CODE = YES;
				CLANG_WARN__DUPLICATE_METHOD_MATCH = YES;
				"CODE_SIGN_IDENTITY[sdk=iphoneos*]" = "iPhone Developer";
				COPY_PHASE_STRIP = NO;
				DEBUG_INFORMATION_FORMAT = dwarf;
				ENABLE_STRICT_OBJC_MSGSEND = YES;
				ENABLE_TESTABILITY = YES;
				GCC_C_LANGUAGE_STANDARD = gnu99;
				GCC_DYNAMIC_NO_PIC = NO;
				GCC_NO_COMMON_BLOCKS = YES;
				GCC_OPTIMIZATION_LEVEL = 0;
				GCC_PREPROCESSOR_DEFINITIONS = (
					"DEBUG=1",
					"$(inherited)",
				);
				GCC_WARN_64_TO_32_BIT_CONVERSION = YES;
				GCC_WARN_ABOUT_RETURN_TYPE = YES_ERROR;
				GCC_WARN_UNDECLARED_SELECTOR = YES;
				GCC_WARN_UNINITIALIZED_AUTOS = YES_AGGRESSIVE;
				GCC_WARN_UNUSED_FUNCTION = YES;
				GCC_WARN_UNUSED_VARIABLE = YES;
				IPHONEOS_DEPLOYMENT_TARGET = 10.1;
				MTL_ENABLE_DEBUG_INFO = YES;
				ONLY_ACTIVE_ARCH = YES;
				SDKROOT = iphoneos;
			};
			name = Debug;
		};
		042662371DF0054100800478 /* Release */ = {
			isa = XCBuildConfiguration;
			buildSettings = {
				ALWAYS_SEARCH_USER_PATHS = NO;
				CLANG_ANALYZER_NONNULL = YES;
				CLANG_CXX_LANGUAGE_STANDARD = "gnu++0x";
				CLANG_CXX_LIBRARY = "libc++";
				CLANG_ENABLE_MODULES = YES;
				CLANG_ENABLE_OBJC_ARC = YES;
				CLANG_WARN_BOOL_CONVERSION = YES;
				CLANG_WARN_CONSTANT_CONVERSION = YES;
				CLANG_WARN_DIRECT_OBJC_ISA_USAGE = YES_ERROR;
				CLANG_WARN_DOCUMENTATION_COMMENTS = YES;
				CLANG_WARN_EMPTY_BODY = YES;
				CLANG_WARN_ENUM_CONVERSION = YES;
				CLANG_WARN_INFINITE_RECURSION = YES;
				CLANG_WARN_INT_CONVERSION = YES;
				CLANG_WARN_OBJC_ROOT_CLASS = YES_ERROR;
				CLANG_WARN_SUSPICIOUS_MOVES = YES;
				CLANG_WARN_UNREACHABLE_CODE = YES;
				CLANG_WARN__DUPLICATE_METHOD_MATCH = YES;
				"CODE_SIGN_IDENTITY[sdk=iphoneos*]" = "iPhone Developer";
				COPY_PHASE_STRIP = NO;
				DEBUG_INFORMATION_FORMAT = "dwarf-with-dsym";
				ENABLE_NS_ASSERTIONS = NO;
				ENABLE_STRICT_OBJC_MSGSEND = YES;
				GCC_C_LANGUAGE_STANDARD = gnu99;
				GCC_NO_COMMON_BLOCKS = YES;
				GCC_WARN_64_TO_32_BIT_CONVERSION = YES;
				GCC_WARN_ABOUT_RETURN_TYPE = YES_ERROR;
				GCC_WARN_UNDECLARED_SELECTOR = YES;
				GCC_WARN_UNINITIALIZED_AUTOS = YES_AGGRESSIVE;
				GCC_WARN_UNUSED_FUNCTION = YES;
				GCC_WARN_UNUSED_VARIABLE = YES;
				IPHONEOS_DEPLOYMENT_TARGET = 10.1;
				MTL_ENABLE_DEBUG_INFO = NO;
				SDKROOT = iphoneos;
				VALIDATE_PRODUCT = YES;
			};
			name = Release;
		};
		042662391DF0054100800478 /* Debug */ = {
			isa = XCBuildConfiguration;
			baseConfigurationReference = FBC0CD037793B547C25A181C /* Pods-MarkWrite.debug.xcconfig */;
			buildSettings = {
				ASSETCATALOG_COMPILER_APPICON_NAME = AppIcon;
				DEVELOPMENT_TEAM = YQ5T553TDX;
				GCC_PRECOMPILE_PREFIX_HEADER = NO;
				GCC_PREFIX_HEADER = MarkWrite/CustomFiles/PrefixHeader.pch;
				INFOPLIST_FILE = MarkWrite/Info.plist;
				IPHONEOS_DEPLOYMENT_TARGET = 10.1;
				LD_RUNPATH_SEARCH_PATHS = "$(inherited) @executable_path/Frameworks";
				PRODUCT_BUNDLE_IDENTIFIER = Qzhang.MarkWrite3;
				PRODUCT_NAME = "$(TARGET_NAME)";
				TARGETED_DEVICE_FAMILY = 1;
			};
			name = Debug;
		};
		0426623A1DF0054100800478 /* Release */ = {
			isa = XCBuildConfiguration;
			baseConfigurationReference = F99BFD1283100245501428FA /* Pods-MarkWrite.release.xcconfig */;
			buildSettings = {
				ASSETCATALOG_COMPILER_APPICON_NAME = AppIcon;
				DEVELOPMENT_TEAM = YQ5T553TDX;
				GCC_PRECOMPILE_PREFIX_HEADER = NO;
				GCC_PREFIX_HEADER = MarkWrite/CustomFiles/PrefixHeader.pch;
				INFOPLIST_FILE = MarkWrite/Info.plist;
				IPHONEOS_DEPLOYMENT_TARGET = 10.1;
				LD_RUNPATH_SEARCH_PATHS = "$(inherited) @executable_path/Frameworks";
				PRODUCT_BUNDLE_IDENTIFIER = Qzhang.MarkWrite3;
				PRODUCT_NAME = "$(TARGET_NAME)";
				TARGETED_DEVICE_FAMILY = 1;
			};
			name = Release;
		};
/* End XCBuildConfiguration section */

/* Begin XCConfigurationList section */
		0426621C1DF0054100800478 /* Build configuration list for PBXProject "MarkWrite" */ = {
			isa = XCConfigurationList;
			buildConfigurations = (
				042662361DF0054100800478 /* Debug */,
				042662371DF0054100800478 /* Release */,
			);
			defaultConfigurationIsVisible = 0;
			defaultConfigurationName = Release;
		};
		042662381DF0054100800478 /* Build configuration list for PBXNativeTarget "MarkWrite" */ = {
			isa = XCConfigurationList;
			buildConfigurations = (
				042662391DF0054100800478 /* Debug */,
				0426623A1DF0054100800478 /* Release */,
			);
			defaultConfigurationIsVisible = 0;
			defaultConfigurationName = Release;
		};
/* End XCConfigurationList section */
	};
	rootObject = 042662191DF0054100800478 /* Project object */;
}
